
Microsoft Visual Studio Solution File, Format Version 12.00
# Visual Studio Version 16
VisualStudioVersion = 16.0.29318.209
MinimumVisualStudioVersion = 10.0.40219.1
Project("{9A19103F-16F7-4668-BE54-9A1E7A4F7556}") = "BlitzStatistics", "BlitzStatistics\BlitzStatistics.csproj", "{C5DD513A-D30C-4F52-8677-B8805E80B716}"
EndProject
Project("{FAE04EC0-301F-11D3-BF4B-00C04F79EFBC}") = "BlitzStatistics.Tests", "BlitzStatistics.Tests\BlitzStatistics.Tests.csproj", "{DAC659F0-1628-4E0F-AE38-4AB6C8BF05E1}"
EndProject
Global
	GlobalSection(SolutionConfigurationPlatforms) = preSolution
		Debug|Any CPU = Debug|Any CPU
		Release|Any CPU = Release|Any CPU
	EndGlobalSection
	GlobalSection(ProjectConfigurationPlatforms) = postSolution
		{C5DD513A-D30C-4F52-8677-B8805E80B716}.Debug|Any CPU.ActiveCfg = Debug|Any CPU
		{C5DD513A-D30C-4F52-8677-B8805E80B716}.Debug|Any CPU.Build.0 = Debug|Any CPU
		{C5DD513A-D30C-4F52-8677-B8805E80B716}.Release|Any CPU.ActiveCfg = Release|Any CPU
		{C5DD513A-D30C-4F52-8677-B8805E80B716}.Release|Any CPU.Build.0 = Release|Any CPU
		{DAC659F0-1628-4E0F-AE38-4AB6C8BF05E1}.Debug|Any CPU.ActiveCfg = Debug|Any CPU
		{DAC659F0-1628-4E0F-AE38-4AB6C8BF05E1}.Debug|Any CPU.Build.0 = Debug|Any CPU
		{DAC659F0-1628-4E0F-AE38-4AB6C8BF05E1}.Release|Any CPU.ActiveCfg = Release|Any CPU
		{DAC659F0-1628-4E0F-AE38-4AB6C8BF05E1}.Release|Any CPU.Build.0 = Release|Any CPU
	EndGlobalSection
	GlobalSection(SolutionProperties) = preSolution
		HideSolutionNode = FALSE
	EndGlobalSection
	GlobalSection(ExtensibilityGlobals) = postSolution
		SolutionGuid = {96E62C0D-640E-4323-9642-9A9E816223CC}
	EndGlobalSection
EndGlobal
